# THIS IS AN AUTOGENERATED FILE. DO NOT EDIT THIS FILE DIRECTLY.
# yarn lockfile v1


"@babel/runtime@7.5.0":
  version "7.5.0"
  resolved "https://registry.yarnpkg.com/@babel/runtime/-/runtime-7.5.0.tgz#49dcbcd637099a55d3a61e590a00d6861393b1b5"
  integrity sha512-2xsuyZ0R0RBFwjgae5NpXk8FcfH4qovj5cEM5VEeB7KXnKqzaisIu2HSV/mCEISolJJuR4wkViUGYujA8MH9tw==
  dependencies:
    regenerator-runtime "^0.13.2"

axios@^0.21.1:
  version "0.21.1"
  resolved "https://registry.yarnpkg.com/axios/-/axios-0.21.1.tgz#22563481962f4d6bde9a76d516ef0e5d3c09b2b8"
  integrity sha512-dKQiRHxGD9PPRIUNIWvZhPTPpl1rf/OxTYKsqKUDjBwYylTvV7SjSHJb9ratfyzM6wCdLCOYLzs73qpg5c4iGA==
  dependencies:
    follow-redirects "^1.10.0"

date-fns@^2.21.3:
  version "2.21.3"
  resolved "https://registry.yarnpkg.com/date-fns/-/date-fns-2.21.3.tgz#8f5f6889d7a96bbcc1f0ea50239b397a83357f9b"
  integrity sha512-HeYdzCaFflc1i4tGbj7JKMjM4cKGYoyxwcIIkHzNgCkX8xXDNJDZXgDDVchIWpN4eQc3lH37WarduXFZJOtxfw==

follow-redirects@^1.10.0:
  version "1.14.1"
  resolved "https://registry.yarnpkg.com/follow-redirects/-/follow-redirects-1.14.1.tgz#d9114ded0a1cfdd334e164e6662ad02bfd91ff43"
  integrity sha512-HWqDgT7ZEkqRzBvc2s64vSZ/hfOceEol3ac/7tKwzuvEyWx3/4UegXh5oBOIotkGsObyk3xznnSRVADBgWSQVg==

regenerator-runtime@^0.13.2:
  version "0.13.7"
  resolved "https://registry.yarnpkg.com/regenerator-runtime/-/regenerator-runtime-0.13.7.tgz#cac2dacc8a1ea675feaabaeb8ae833898ae46f55"
  integrity sha512-a54FxoJDIr27pgf7IgeQGxmqUNYrcV338lf/6gH456HZ/PhX+5BcwHXG9ajESmwe6WRO0tAzRUrRmNONWgkrew==

set-interval-async@^2.0.3:
  version "2.0.3"
  resolved "https://registry.yarnpkg.com/set-interval-async/-/set-interval-async-2.0.3.tgz#8d9e4904deaf8406fd98219c67fd9ef469f5fae2"
  integrity sha512-8jJgvnhQYQc+XHzyKuJ2g4/0h4jPcT/q3x9VURk+AZohRKpcggcueNhPbS7wOXnamgpAn/enbGl4OnWXurVafg==
  dependencies:
    "@babel/runtime" "7.5.0"
